// !$*UTF8*$!
{
	archiveVersion = 1;
	classes = {
	};
	objectVersion = 39;
	objects = {
		06AA1264FFB2107B11CA28AA = {
			buildActionMask = 2147483647;
			files = (
			);
			isa = PBXShellScriptBuildPhase;
			runOnlyForDeploymentPostprocessing = 0;
			shellPath = /bin/sh;
			shellScript = "script=\"${SYSTEM_DEVELOPER_DIR}/ProjectBuilder Extras/Kernel Extension Support/KEXTPostprocess\";\nif [ -x \"$script\" ]; then\n    . \"$script\"\nfi";
		};
		06AA1265FFB2107B11CA28AA = {
			buildSettings = {
				COPY_PHASE_STRIP = NO;
				GCC_DYNAMIC_NO_PIC = NO;
				GCC_ENABLE_FIX_AND_CONTINUE = YES;
				GCC_GENERATE_DEBUGGING_SYMBOLS = YES;
				GCC_OPTIMIZATION_LEVEL = 0;
				OPTIMIZATION_CFLAGS = "-O0";
				ZERO_LINK = YES;
			};
			isa = PBXBuildStyle;
			name = Development;
		};
		06AA1266FFB2107B11CA28AA = {
			buildSettings = {
				COPY_PHASE_STRIP = YES;
				GCC_ENABLE_FIX_AND_CONTINUE = NO;
				ZERO_LINK = NO;
			};
			isa = PBXBuildStyle;
			name = Deployment;
		};
		06AA1267FFB2110C11CA28AA = {
			buildActionMask = 2147483647;
			files = (
			);
			isa = PBXShellScriptBuildPhase;
			runOnlyForDeploymentPostprocessing = 0;
			shellPath = /bin/sh;
			shellScript = "script=\"${SYSTEM_DEVELOPER_DIR}/ProjectBuilder Extras/Kernel Extension Support/KEXTPreprocess\";\nif [ -x \"$script\" ]; then\n    . \"$script\"\nfi";
		};
//060
//061
//062
//063
//064
//080
//081
//082
//083
//084
		089C1669FE841209C02AAC07 = {
			buildSettings = {
			};
			buildStyles = (
				06AA1265FFB2107B11CA28AA,
				06AA1266FFB2107B11CA28AA,
			);
			hasScannedForEncodings = 1;
			isa = PBXProject;
			mainGroup = 089C166AFE841209C02AAC07;
			projectDirPath = "";
			targets = (
				089C1673FE841209C02AAC07,
			);
		};
		089C166AFE841209C02AAC07 = {
			children = (
				247142CAFF3F8F9811CA285C,
				19C28FB6FE9D52B211CA2CBB,
			);
			isa = PBXGroup;
			name = AppleMacRISC4PE;
			refType = 4;
			sourceTree = "<group>";
		};
		089C1673FE841209C02AAC07 = {
			buildPhases = (
				06AA1267FFB2110C11CA28AA,
				089C1674FE841209C02AAC07,
				089C1675FE841209C02AAC07,
				089C1676FE841209C02AAC07,
				089C1677FE841209C02AAC07,
				089C1679FE841209C02AAC07,
				B06D1B7403CCEDBE05CE0D9E,
				06AA1264FFB2107B11CA28AA,
			);
			buildSettings = {
				BUILD_SETTING = "";
				FRAMEWORK_SEARCH_PATHS = "";
				HEADER_SEARCH_PATHS = "";
				INSTALL_GROUP = wheel;
				INSTALL_OWNER = root;
				INSTALL_PATH = "$(SYSTEM_LIBRARY_DIR)/Extensions";
				KERNEL_MODULE = YES;
				LIBRARY_SEARCH_PATHS = "";
				MODULE_IOKIT = YES;
				MODULE_NAME = com.apple.driver.AppleMacRISC4PE;
				MODULE_VERSION = 2.0.1d0;
				OTHER_CFLAGS = "-D_BIG_ENDIAN";
				OTHER_LDFLAGS = "";
				OTHER_REZFLAGS = "";
				PER_ARCH_CPLUSPLUSFLAGS_ppc = "-mno-string";
				PRODUCT_NAME = AppleMacRISC4PE;
				SECTORDER_FLAGS = "";
				WARNING_CFLAGS = "-Wmost -Wno-four-char-constants -Wno-unknown-pragmas";
				WRAPPER_EXTENSION = kext;
			};
			dependencies = (
			);
			isa = PBXBundleTarget;
			name = AppleMacRISC4PE;
			productInstallPath = "$(SYSTEM_LIBRARY_DIR)/Extensions";
			productName = AppleMacRISC4PE;
			productReference = 0B81C263FFB7832611CA28AA;
			productSettingsXML = "<?xml version=\"1.0\" encoding=\"UTF-8\"?>
<!DOCTYPE plist PUBLIC \"-//Apple Computer//DTD PLIST 1.0//EN\" \"http://www.apple.com/DTDs/PropertyList-1.0.dtd\">
<plist version=\"1.0\">
<dict>
	<key>CFBundleDevelopmentRegion</key>
	<string>English</string>
	<key>CFBundleExecutable</key>
	<string>AppleMacRISC4PE</string>
	<key>CFBundleGetInfoString</key>
	<string>AppleMacRISC4PE version 2.0.1, Copyright 2003-2005 Apple Computer, Inc.</string>
	<key>CFBundleIconFile</key>
	<string></string>
	<key>CFBundleIdentifier</key>
	<string>com.apple.driver.AppleMacRISC4PE</string>
	<key>CFBundleInfoDictionaryVersion</key>
	<string>6.0</string>
	<key>CFBundleName</key>
	<string>AppleMacRISC4PE</string>
	<key>CFBundlePackageType</key>
	<string>KEXT</string>
	<key>CFBundleShortVersionString</key>
	<string>2.0.1</string>
	<key>CFBundleSignature</key>
	<string>????</string>
	<key>CFBundleVersion</key>
	<string>2.0.1d0</string>
	<key>IOKitPersonalities</key>
	<dict>
		<key>MacRISC4CPU</key>
		<dict>
			<key>CFBundleIdentifier</key>
			<string>com.apple.driver.AppleMacRISC4PE</string>
			<key>IOClass</key>
			<string>MacRISC4CPU</string>
			<key>IOProbeScore</key>
			<integer>1000</integer>
			<key>IOPropertyMatch</key>
			<dict>
				<key>cpu-device-type</key>
				<string>MacRISC4CPU</string>
			</dict>
			<key>IOProviderClass</key>
			<string>IOPlatformDevice</string>
		</dict>
		<key>MacRISC4PE</key>
		<dict>
			<key>CFBundleIdentifier</key>
			<string>com.apple.driver.AppleMacRISC4PE</string>
			<key>IOClass</key>
			<string>MacRISC4PE</string>
			<key>IONameMatch</key>
			<string>MacRISC4</string>
			<key>IOPlatformPluginTable</key>
			<dict>
				<key>PowerMac11,2</key>
				<string>PowerMac11_2_PlatformPlugin</string>
				<key>PowerMac12,1</key>
				<string>SMU_Neo2_PlatformPlugin</string>
				<key>PowerMac7,2</key>
				<string>PowerMac7_2_PlatformPlugin</string>
				<key>PowerMac7,3</key>
				<string>PowerMac7_2_PlatformPlugin</string>
				<key>PowerMac8,1</key>
				<string>SMU_Neo2_PlatformPlugin</string>
				<key>PowerMac8,2</key>
				<string>SMU_Neo2_PlatformPlugin</string>
				<key>PowerMac9,1</key>
				<string>SMU_Neo2_PlatformPlugin</string>
				<key>RackMac3,1</key>
				<string>RackMac3_1_PlatformPlugin</string>
			</dict>
			<key>IOProbeScore</key>
			<integer>10000</integer>
			<key>IOProviderClass</key>
			<string>IOPlatformExpertDevice</string>
			<key>powertreedesc</key>
			<array>
				<dict>
					<key>children</key>
					<array>
						<dict>
							<key>children</key>
							<array>
								<dict>
									<key>device</key>
									<dict>
										<key>IOClass</key>
										<string>AppleUSBOHCI</string>
									</dict>
									<key>multiple-parent</key>
									<integer>0</integer>
									<key>provider</key>
									<dict>
										<key>AAPL,clock-id</key>
										<string>usb0u048</string>
									</dict>
								</dict>
							</array>
							<key>device</key>
							<dict>
								<key>AAPL,clock-id</key>
								<string>usb0u048</string>
								<key>name</key>
								<string>usb</string>
							</dict>
						</dict>
						<dict>
							<key>children</key>
							<array>
								<dict>
									<key>device</key>
									<dict>
										<key>IOClass</key>
										<string>AppleUSBOHCI</string>
									</dict>
									<key>multiple-parent</key>
									<integer>1</integer>
									<key>provider</key>
									<dict>
										<key>AAPL,clock-id</key>
										<string>usb1u148</string>
									</dict>
								</dict>
							</array>
							<key>device</key>
							<dict>
								<key>AAPL,clock-id</key>
								<string>usb1u148</string>
								<key>name</key>
								<string>usb</string>
							</dict>
						</dict>
						<dict>
							<key>children</key>
							<array>
								<dict>
									<key>device</key>
									<dict>
										<key>IOClass</key>
										<string>AppleUSBOHCI</string>
									</dict>
									<key>multiple-parent</key>
									<integer>2</integer>
									<key>provider</key>
									<dict>
										<key>AAPL,clock-id</key>
										<string>usb2u248</string>
									</dict>
								</dict>
							</array>
							<key>device</key>
							<dict>
								<key>AAPL,clock-id</key>
								<string>usb2u248</string>
								<key>name</key>
								<string>usb</string>
							</dict>
						</dict>
					</array>
					<key>device</key>
					<dict>
						<key>IOClass</key>
						<string>IOPMUSBMacRISC4</string>
					</dict>
				</dict>
				<dict>
					<key>children</key>
					<array>
						<dict>
							<key>children</key>
							<array>
								<dict>
									<key>device</key>
									<dict>
										<key>IOClass</key>
										<string>AppleUSBOHCI</string>
									</dict>
									<key>multiple-parent</key>
									<integer>0</integer>
									<key>provider</key>
									<dict>
										<key>AAPL,clock-id</key>
										<string>usb0u048</string>
									</dict>
								</dict>
							</array>
							<key>device</key>
							<dict>
								<key>IOClass</key>
								<string>USBKeyLargo</string>
								<key>usb</key>
								<integer>0</integer>
							</dict>
						</dict>
						<dict>
							<key>children</key>
							<array>
								<dict>
									<key>device</key>
									<dict>
										<key>IOClass</key>
										<string>AppleUSBOHCI</string>
									</dict>
									<key>multiple-parent</key>
									<integer>1</integer>
									<key>provider</key>
									<dict>
										<key>AAPL,clock-id</key>
										<string>usb1u148</string>
									</dict>
								</dict>
							</array>
							<key>device</key>
							<dict>
								<key>IOClass</key>
								<string>USBKeyLargo</string>
								<key>usb</key>
								<integer>1</integer>
							</dict>
						</dict>
						<dict>
							<key>children</key>
							<array>
								<dict>
									<key>device</key>
									<dict>
										<key>IOClass</key>
										<string>AppleUSBOHCI</string>
									</dict>
									<key>multiple-parent</key>
									<integer>2</integer>
									<key>provider</key>
									<dict>
										<key>AAPL,clock-id</key>
										<string>usb2u248</string>
									</dict>
								</dict>
							</array>
							<key>device</key>
							<dict>
								<key>IOClass</key>
								<string>USBKeyLargo</string>
								<key>usb</key>
								<integer>2</integer>
							</dict>
						</dict>
					</array>
					<key>device</key>
					<dict>
						<key>IOClass</key>
						<string>KeyLargo</string>
					</dict>
				</dict>
				<dict>
					<key>children</key>
					<array>
						<dict>
							<key>children</key>
							<array>
								<dict>
									<key>device</key>
									<dict>
										<key>IOClass</key>
										<string>AppleUSBOHCI</string>
									</dict>
									<key>provider</key>
									<dict>
										<key>AAPL,clock-id</key>
										<string>usb2u048</string>
									</dict>
								</dict>
							</array>
							<key>device</key>
							<dict>
								<key>IOClass</key>
								<string>USBKeyLargo</string>
								<key>usb</key>
								<integer>0</integer>
							</dict>
						</dict>
						<dict>
							<key>children</key>
							<array>
								<dict>
									<key>device</key>
									<dict>
										<key>IOClass</key>
										<string>AppleUSBOHCI</string>
									</dict>
									<key>provider</key>
									<dict>
										<key>AAPL,clock-id</key>
										<string>usb3u148</string>
									</dict>
								</dict>
							</array>
							<key>device</key>
							<dict>
								<key>IOClass</key>
								<string>USBKeyLargo</string>
								<key>usb</key>
								<integer>1</integer>
							</dict>
						</dict>
					</array>
					<key>device</key>
					<dict>
						<key>IOClass</key>
						<string>KeyLargo</string>
					</dict>
				</dict>
				<dict>
					<key>children</key>
					<array>
						<dict>
							<key>children</key>
							<array>
								<dict>
									<key>device</key>
									<dict>
										<key>IOClass</key>
										<string>AppleUSBOHCI</string>
									</dict>
									<key>provider</key>
									<dict>
										<key>AAPL,clock-id</key>
										<string>usb4u048</string>
									</dict>
								</dict>
							</array>
							<key>device</key>
							<dict>
								<key>IOClass</key>
								<string>USBKeyLargo</string>
								<key>usb</key>
								<integer>0</integer>
							</dict>
						</dict>
						<dict>
							<key>children</key>
							<array>
								<dict>
									<key>device</key>
									<dict>
										<key>IOClass</key>
										<string>AppleUSBOHCI</string>
									</dict>
									<key>provider</key>
									<dict>
										<key>AAPL,clock-id</key>
										<string>usb5u148</string>
									</dict>
								</dict>
							</array>
							<key>device</key>
							<dict>
								<key>IOClass</key>
								<string>USBKeyLargo</string>
								<key>usb</key>
								<integer>1</integer>
							</dict>
						</dict>
					</array>
					<key>device</key>
					<dict>
						<key>IOClass</key>
						<string>KeyLargo</string>
					</dict>
				</dict>
				<dict>
					<key>children</key>
					<array>
						<dict>
							<key>children</key>
							<array>
								<dict>
									<key>device</key>
									<dict>
										<key>IOClass</key>
										<string>AppleUSBOHCI</string>
									</dict>
									<key>provider</key>
									<dict>
										<key>AAPL,clock-id</key>
										<string>usb6u048</string>
									</dict>
								</dict>
							</array>
							<key>device</key>
							<dict>
								<key>IOClass</key>
								<string>USBKeyLargo</string>
								<key>usb</key>
								<integer>0</integer>
							</dict>
						</dict>
						<dict>
							<key>children</key>
							<array>
								<dict>
									<key>device</key>
									<dict>
										<key>IOClass</key>
										<string>AppleUSBOHCI</string>
									</dict>
									<key>provider</key>
									<dict>
										<key>AAPL,clock-id</key>
										<string>usb7u148</string>
									</dict>
								</dict>
							</array>
							<key>device</key>
							<dict>
								<key>IOClass</key>
								<string>USBKeyLargo</string>
								<key>usb</key>
								<integer>1</integer>
							</dict>
						</dict>
					</array>
					<key>device</key>
					<dict>
						<key>IOClass</key>
						<string>KeyLargo</string>
					</dict>
				</dict>
				<dict>
					<key>children</key>
					<array>
						<dict>
							<key>children</key>
							<array>
								<dict>
									<key>device</key>
									<dict>
										<key>IOClass</key>
										<string>AppleUSBOHCI</string>
									</dict>
									<key>provider</key>
									<dict>
										<key>AAPL,clock-id</key>
										<string>usb8u048</string>
									</dict>
								</dict>
							</array>
							<key>device</key>
							<dict>
								<key>IOClass</key>
								<string>USBKeyLargo</string>
								<key>usb</key>
								<integer>0</integer>
							</dict>
						</dict>
						<dict>
							<key>children</key>
							<array>
								<dict>
									<key>device</key>
									<dict>
										<key>IOClass</key>
										<string>AppleUSBOHCI</string>
									</dict>
									<key>provider</key>
									<dict>
										<key>AAPL,clock-id</key>
										<string>usb9u148</string>
									</dict>
								</dict>
							</array>
							<key>device</key>
							<dict>
								<key>IOClass</key>
								<string>USBKeyLargo</string>
								<key>usb</key>
								<integer>1</integer>
							</dict>
						</dict>
					</array>
					<key>device</key>
					<dict>
						<key>IOClass</key>
						<string>KeyLargo</string>
					</dict>
				</dict>
			</array>
		</dict>
		<key>U3</key>
		<dict>
			<key>CFBundleIdentifier</key>
			<string>com.apple.driver.AppleMacRISC4PE</string>
			<key>IOClass</key>
			<string>AppleU3</string>
			<key>IONameMatch</key>
			<string>u3</string>
			<key>IOProviderClass</key>
			<string>IOPlatformDevice</string>
		</dict>
	</dict>
	<key>OSBundleCompatibleVersion</key>
	<string>1.0.0</string>
	<key>OSBundleLibraries</key>
	<dict>
		<key>com.apple.driver.IOPlatformFunction</key>
		<string>1.0.0</string>
		<key>com.apple.iokit.IOPCIFamily</key>
		<string>1.1</string>
		<key>com.apple.kernel.iokit</key>
		<string>1.1</string>
		<key>com.apple.kernel.libkern</key>
		<string>1.1</string>
		<key>com.apple.kernel.mach</key>
		<string>1.1</string>
	</dict>
	<key>OSBundleRequired</key>
	<string>Root</string>
</dict>
</plist>
";
		};
		089C1674FE841209C02AAC07 = {
			buildActionMask = 2147483647;
			files = (
				1A224C40FF42367911CA2CB7,
				B0ED8C4903BA2E5805A80123,
				B0ED8C4D03BA2EA705A80123,
				F5BE3E9F03DE17CB01CE6C36,
				F5BE3EA303DE17F801CE6C36,
				F552014503EC692301CE6C40,
			);
			isa = PBXHeadersBuildPhase;
			runOnlyForDeploymentPostprocessing = 0;
		};
		089C1675FE841209C02AAC07 = {
			buildActionMask = 2147483647;
			files = (
			);
			isa = PBXResourcesBuildPhase;
			runOnlyForDeploymentPostprocessing = 0;
		};
		089C1676FE841209C02AAC07 = {
			buildActionMask = 2147483647;
			files = (
				1A224C41FF42367911CA2CB7,
				B0ED8C4B03BA2E7605A80123,
				B0ED8C4F03BA2EB305A80123,
				F5BE3EA103DE17D901CE6C36,
				F5BE3EA503DE181B01CE6C36,
			);
			isa = PBXSourcesBuildPhase;
			runOnlyForDeploymentPostprocessing = 0;
		};
		089C1677FE841209C02AAC07 = {
			buildActionMask = 2147483647;
			files = (
			);
			isa = PBXFrameworksBuildPhase;
			runOnlyForDeploymentPostprocessing = 0;
		};
		089C1679FE841209C02AAC07 = {
			buildActionMask = 2147483647;
			files = (
			);
			isa = PBXRezBuildPhase;
			runOnlyForDeploymentPostprocessing = 0;
		};
//080
//081
//082
//083
//084
//0B0
//0B1
//0B2
//0B3
//0B4
		0B81C263FFB7832611CA28AA = {
			explicitFileType = wrapper.cfbundle;
			isa = PBXFileReference;
			path = AppleMacRISC4PE.kext;
			refType = 3;
			sourceTree = BUILT_PRODUCTS_DIR;
		};
//0B0
//0B1
//0B2
//0B3
//0B4
//190
//191
//192
//193
//194
		19C28FB6FE9D52B211CA2CBB = {
			children = (
				0B81C263FFB7832611CA28AA,
			);
			isa = PBXGroup;
			name = Products;
			refType = 4;
			sourceTree = "<group>";
		};
//190
//191
//192
//193
//194
//1A0
//1A1
//1A2
//1A3
//1A4
		1A224C3EFF42367911CA2CB7 = {
			fileEncoding = 30;
			isa = PBXFileReference;
			lastKnownFileType = sourcecode.c.h;
			path = MacRISC4PE.h;
			refType = 4;
			sourceTree = "<group>";
		};
		1A224C3FFF42367911CA2CB7 = {
			fileEncoding = 30;
			isa = PBXFileReference;
			lastKnownFileType = sourcecode.cpp.cpp;
			path = MacRISC4PE.cpp;
			refType = 4;
			sourceTree = "<group>";
		};
		1A224C40FF42367911CA2CB7 = {
			fileRef = 1A224C3EFF42367911CA2CB7;
			isa = PBXBuildFile;
			settings = {
			};
		};
		1A224C41FF42367911CA2CB7 = {
			fileRef = 1A224C3FFF42367911CA2CB7;
			isa = PBXBuildFile;
			settings = {
				ATTRIBUTES = (
				);
			};
		};
//1A0
//1A1
//1A2
//1A3
//1A4
//240
//241
//242
//243
//244
		247142CAFF3F8F9811CA285C = {
			children = (
				1A224C3EFF42367911CA2CB7,
				1A224C3FFF42367911CA2CB7,
				B0ED8C4803BA2E5805A80123,
				B0ED8C4A03BA2E7605A80123,
				B0ED8C4C03BA2EA705A80123,
				B0ED8C4E03BA2EB305A80123,
				F5BE3E9E03DE17CB01CE6C36,
				F5BE3EA003DE17D901CE6C36,
				F5BE3EA203DE17F801CE6C36,
				F5BE3EA403DE181B01CE6C36,
				B06D1B2703C6427605CE0D9E,
			);
			isa = PBXGroup;
			name = Source;
			path = "";
			refType = 4;
			sourceTree = "<group>";
		};
//240
//241
//242
//243
//244
//B00
//B01
//B02
//B03
//B04
		B06D1B2703C6427605CE0D9E = {
			fileEncoding = 30;
			isa = PBXFileReference;
			lastKnownFileType = sourcecode.c.h;
			path = IOPlatformFunction.h;
			refType = 4;
			sourceTree = "<group>";
		};
		B06D1B7403CCEDBE05CE0D9E = {
			buildActionMask = 2147483647;
			dstPath = "";
			dstSubfolderSpec = 13;
			files = (
			);
			isa = PBXCopyFilesBuildPhase;
			runOnlyForDeploymentPostprocessing = 0;
		};
		B0ED8C4803BA2E5805A80123 = {
			fileEncoding = 30;
			isa = PBXFileReference;
			lastKnownFileType = sourcecode.c.h;
			path = MacRISC4CPU.h;
			refType = 4;
			sourceTree = "<group>";
		};
		B0ED8C4903BA2E5805A80123 = {
			fileRef = B0ED8C4803BA2E5805A80123;
			isa = PBXBuildFile;
			settings = {
			};
		};
		B0ED8C4A03BA2E7605A80123 = {
			fileEncoding = 30;
			isa = PBXFileReference;
			lastKnownFileType = sourcecode.cpp.cpp;
			path = MacRISC4CPU.cpp;
			refType = 4;
			sourceTree = "<group>";
		};
		B0ED8C4B03BA2E7605A80123 = {
			fileRef = B0ED8C4A03BA2E7605A80123;
			isa = PBXBuildFile;
			settings = {
			};
		};
		B0ED8C4C03BA2EA705A80123 = {
			fileEncoding = 30;
			isa = PBXFileReference;
			lastKnownFileType = sourcecode.c.h;
			path = U3.h;
			refType = 4;
			sourceTree = "<group>";
		};
		B0ED8C4D03BA2EA705A80123 = {
			fileRef = B0ED8C4C03BA2EA705A80123;
			isa = PBXBuildFile;
			settings = {
			};
		};
		B0ED8C4E03BA2EB305A80123 = {
			fileEncoding = 30;
			isa = PBXFileReference;
			lastKnownFileType = sourcecode.cpp.cpp;
			path = U3.cpp;
			refType = 4;
			sourceTree = "<group>";
		};
		B0ED8C4F03BA2EB305A80123 = {
			fileRef = B0ED8C4E03BA2EB305A80123;
			isa = PBXBuildFile;
			settings = {
			};
		};
//B00
//B01
//B02
//B03
//B04
//F50
//F51
//F52
//F53
//F54
		F552014503EC692301CE6C40 = {
			fileRef = B06D1B2703C6427605CE0D9E;
			isa = PBXBuildFile;
			settings = {
			};
		};
		F5BE3E9E03DE17CB01CE6C36 = {
			fileEncoding = 30;
			isa = PBXFileReference;
			lastKnownFileType = sourcecode.c.h;
			path = IOPMSlotsMacRISC4.h;
			refType = 4;
			sourceTree = "<group>";
		};
		F5BE3E9F03DE17CB01CE6C36 = {
			fileRef = F5BE3E9E03DE17CB01CE6C36;
			isa = PBXBuildFile;
			settings = {
			};
		};
		F5BE3EA003DE17D901CE6C36 = {
			fileEncoding = 30;
			isa = PBXFileReference;
			lastKnownFileType = sourcecode.cpp.cpp;
			path = IOPMSlotsMacRISC4.cpp;
			refType = 4;
			sourceTree = "<group>";
		};
		F5BE3EA103DE17D901CE6C36 = {
			fileRef = F5BE3EA003DE17D901CE6C36;
			isa = PBXBuildFile;
			settings = {
			};
		};
		F5BE3EA203DE17F801CE6C36 = {
			fileEncoding = 30;
			isa = PBXFileReference;
			lastKnownFileType = sourcecode.c.h;
			path = IOPMUSBMacRISC4.h;
			refType = 4;
			sourceTree = "<group>";
		};
		F5BE3EA303DE17F801CE6C36 = {
			fileRef = F5BE3EA203DE17F801CE6C36;
			isa = PBXBuildFile;
			settings = {
			};
		};
		F5BE3EA403DE181B01CE6C36 = {
			fileEncoding = 30;
			isa = PBXFileReference;
			lastKnownFileType = sourcecode.cpp.cpp;
			path = IOPMUSBMacRISC4.cpp;
			refType = 4;
			sourceTree = "<group>";
		};
		F5BE3EA503DE181B01CE6C36 = {
			fileRef = F5BE3EA403DE181B01CE6C36;
			isa = PBXBuildFile;
			settings = {
			};
		};
	};
	rootObject = 089C1669FE841209C02AAC07;
}
